
Microsoft Visual Studio Solution File, Format Version 12.00
# Visual Studio Version 16
VisualStudioVersion = 16.0.31105.61
MinimumVisualStudioVersion = 10.0.40219.1
Project("{FAE04EC0-301F-11D3-BF4B-00C04F79EFBC}") = "NamedArguments", "NamedArguments.csproj", "{170087DB-40BE-4079-8BB9-56252F6A15DF}"
EndProject
Global
	GlobalSection(SolutionConfigurationPlatforms) = preSolution
		Debug|Any CPU = Debug|Any CPU
		Release|Any CPU = Release|Any CPU
	EndGlobalSection
	GlobalSection(ProjectConfigurationPlatforms) = postSolution
		{170087DB-40BE-4079-8BB9-56252F6A15DF}.Debug|Any CPU.ActiveCfg = Debug|Any CPU
		{170087DB-40BE-4079-8BB9-56252F6A15DF}.Debug|Any CPU.Build.0 = Debug|Any CPU
		{170087DB-40BE-4079-8BB9-56252F6A15DF}.Release|Any CPU.ActiveCfg = Release|Any CPU
		{170087DB-40BE-4079-8BB9-56252F6A15DF}.Release|Any CPU.Build.0 = Release|Any CPU
	EndGlobalSection
	GlobalSection(SolutionProperties) = preSolution
		HideSolutionNode = FALSE
	EndGlobalSection
	GlobalSection(ExtensibilityGlobals) = postSolution
		SolutionGuid = {05C16728-C0FF-4473-B4A4-A500964A24EF}
	EndGlobalSection
EndGlobal
