
Microsoft Visual Studio Solution File, Format Version 12.00
# Visual Studio Version 16
VisualStudioVersion = 16.0.31205.134
MinimumVisualStudioVersion = 10.0.40219.1
Project("{FAE04EC0-301F-11D3-BF4B-00C04F79EFBC}") = "WomensMarathonT", "WomensMarathonT.csproj", "{D7495818-BA2F-45EC-A6FB-263F76FE2EA4}"
EndProject
Global
	GlobalSection(SolutionConfigurationPlatforms) = preSolution
		Debug|Any CPU = Debug|Any CPU
		Release|Any CPU = Release|Any CPU
	EndGlobalSection
	GlobalSection(ProjectConfigurationPlatforms) = postSolution
		{D7495818-BA2F-45EC-A6FB-263F76FE2EA4}.Debug|Any CPU.ActiveCfg = Debug|Any CPU
		{D7495818-BA2F-45EC-A6FB-263F76FE2EA4}.Debug|Any CPU.Build.0 = Debug|Any CPU
		{D7495818-BA2F-45EC-A6FB-263F76FE2EA4}.Release|Any CPU.ActiveCfg = Release|Any CPU
		{D7495818-BA2F-45EC-A6FB-263F76FE2EA4}.Release|Any CPU.Build.0 = Release|Any CPU
	EndGlobalSection
	GlobalSection(SolutionProperties) = preSolution
		HideSolutionNode = FALSE
	EndGlobalSection
	GlobalSection(ExtensibilityGlobals) = postSolution
		SolutionGuid = {3C743B95-479C-4708-B292-55F19116C7A1}
	EndGlobalSection
EndGlobal
