
Microsoft Visual Studio Solution File, Format Version 12.00
# Visual Studio Version 16
VisualStudioVersion = 16.0.31205.134
MinimumVisualStudioVersion = 10.0.40219.1
Project("{FAE04EC0-301F-11D3-BF4B-00C04F79EFBC}") = "WhereSelectTypes", "WhereSelectTypes.csproj", "{906F8B21-2DAC-4F3D-A2AB-C251BA6E9D1F}"
EndProject
Global
	GlobalSection(SolutionConfigurationPlatforms) = preSolution
		Debug|Any CPU = Debug|Any CPU
		Release|Any CPU = Release|Any CPU
	EndGlobalSection
	GlobalSection(ProjectConfigurationPlatforms) = postSolution
		{906F8B21-2DAC-4F3D-A2AB-C251BA6E9D1F}.Debug|Any CPU.ActiveCfg = Debug|Any CPU
		{906F8B21-2DAC-4F3D-A2AB-C251BA6E9D1F}.Debug|Any CPU.Build.0 = Debug|Any CPU
		{906F8B21-2DAC-4F3D-A2AB-C251BA6E9D1F}.Release|Any CPU.ActiveCfg = Release|Any CPU
		{906F8B21-2DAC-4F3D-A2AB-C251BA6E9D1F}.Release|Any CPU.Build.0 = Release|Any CPU
	EndGlobalSection
	GlobalSection(SolutionProperties) = preSolution
		HideSolutionNode = FALSE
	EndGlobalSection
	GlobalSection(ExtensibilityGlobals) = postSolution
		SolutionGuid = {33FF9394-3028-4872-B4A9-212848DFB31B}
	EndGlobalSection
EndGlobal
