
Microsoft Visual Studio Solution File, Format Version 12.00
# Visual Studio Version 16
VisualStudioVersion = 16.0.31105.61
MinimumVisualStudioVersion = 10.0.40219.1
Project("{FAE04EC0-301F-11D3-BF4B-00C04F79EFBC}") = "ArrayLength", "ArrayLength.csproj", "{B712A7C9-B264-4F49-85FD-273CBB3EC4E8}"
EndProject
Global
	GlobalSection(SolutionConfigurationPlatforms) = preSolution
		Debug|Any CPU = Debug|Any CPU
		Release|Any CPU = Release|Any CPU
	EndGlobalSection
	GlobalSection(ProjectConfigurationPlatforms) = postSolution
		{B712A7C9-B264-4F49-85FD-273CBB3EC4E8}.Debug|Any CPU.ActiveCfg = Debug|Any CPU
		{B712A7C9-B264-4F49-85FD-273CBB3EC4E8}.Debug|Any CPU.Build.0 = Debug|Any CPU
		{B712A7C9-B264-4F49-85FD-273CBB3EC4E8}.Release|Any CPU.ActiveCfg = Release|Any CPU
		{B712A7C9-B264-4F49-85FD-273CBB3EC4E8}.Release|Any CPU.Build.0 = Release|Any CPU
	EndGlobalSection
	GlobalSection(SolutionProperties) = preSolution
		HideSolutionNode = FALSE
	EndGlobalSection
	GlobalSection(ExtensibilityGlobals) = postSolution
		SolutionGuid = {C260C9CE-11C5-4A0A-B873-ACB48AB45A5E}
	EndGlobalSection
EndGlobal
