
Microsoft Visual Studio Solution File, Format Version 12.00
# Visual Studio Version 16
VisualStudioVersion = 16.0.31105.61
MinimumVisualStudioVersion = 10.0.40219.1
Project("{FAE04EC0-301F-11D3-BF4B-00C04F79EFBC}") = "BuildingArrays", "BuildingArrays.csproj", "{AF79218D-7284-4AEC-ADB1-317719006AC9}"
EndProject
Global
	GlobalSection(SolutionConfigurationPlatforms) = preSolution
		Debug|Any CPU = Debug|Any CPU
		Release|Any CPU = Release|Any CPU
	EndGlobalSection
	GlobalSection(ProjectConfigurationPlatforms) = postSolution
		{AF79218D-7284-4AEC-ADB1-317719006AC9}.Debug|Any CPU.ActiveCfg = Debug|Any CPU
		{AF79218D-7284-4AEC-ADB1-317719006AC9}.Debug|Any CPU.Build.0 = Debug|Any CPU
		{AF79218D-7284-4AEC-ADB1-317719006AC9}.Release|Any CPU.ActiveCfg = Release|Any CPU
		{AF79218D-7284-4AEC-ADB1-317719006AC9}.Release|Any CPU.Build.0 = Release|Any CPU
	EndGlobalSection
	GlobalSection(SolutionProperties) = preSolution
		HideSolutionNode = FALSE
	EndGlobalSection
	GlobalSection(ExtensibilityGlobals) = postSolution
		SolutionGuid = {3CB30F09-29E6-4649-91CE-EB6BF04A77AD}
	EndGlobalSection
EndGlobal
