
Microsoft Visual Studio Solution File, Format Version 12.00
# Visual Studio Version 16
VisualStudioVersion = 16.0.31105.61
MinimumVisualStudioVersion = 10.0.40219.1
Project("{FAE04EC0-301F-11D3-BF4B-00C04F79EFBC}") = "DocumentationHunt", "DocumentationHunt.csproj", "{A5769B58-6280-4A05-BA41-58D30CB59770}"
EndProject
Global
	GlobalSection(SolutionConfigurationPlatforms) = preSolution
		Debug|Any CPU = Debug|Any CPU
		Release|Any CPU = Release|Any CPU
	EndGlobalSection
	GlobalSection(ProjectConfigurationPlatforms) = postSolution
		{A5769B58-6280-4A05-BA41-58D30CB59770}.Debug|Any CPU.ActiveCfg = Debug|Any CPU
		{A5769B58-6280-4A05-BA41-58D30CB59770}.Debug|Any CPU.Build.0 = Debug|Any CPU
		{A5769B58-6280-4A05-BA41-58D30CB59770}.Release|Any CPU.ActiveCfg = Release|Any CPU
		{A5769B58-6280-4A05-BA41-58D30CB59770}.Release|Any CPU.Build.0 = Release|Any CPU
	EndGlobalSection
	GlobalSection(SolutionProperties) = preSolution
		HideSolutionNode = FALSE
	EndGlobalSection
	GlobalSection(ExtensibilityGlobals) = postSolution
		SolutionGuid = {E07AD3AC-0D46-477E-9766-073B10066689}
	EndGlobalSection
EndGlobal
