
Microsoft Visual Studio Solution File, Format Version 12.00
# Visual Studio Version 16
VisualStudioVersion = 16.0.31105.61
MinimumVisualStudioVersion = 10.0.40219.1
Project("{FAE04EC0-301F-11D3-BF4B-00C04F79EFBC}") = "stringInterpolation", "stringInterpolation.csproj", "{D1838EF8-6BDA-4831-917E-877E5E3AC189}"
EndProject
Global
	GlobalSection(SolutionConfigurationPlatforms) = preSolution
		Debug|Any CPU = Debug|Any CPU
		Release|Any CPU = Release|Any CPU
	EndGlobalSection
	GlobalSection(ProjectConfigurationPlatforms) = postSolution
		{D1838EF8-6BDA-4831-917E-877E5E3AC189}.Debug|Any CPU.ActiveCfg = Debug|Any CPU
		{D1838EF8-6BDA-4831-917E-877E5E3AC189}.Debug|Any CPU.Build.0 = Debug|Any CPU
		{D1838EF8-6BDA-4831-917E-877E5E3AC189}.Release|Any CPU.ActiveCfg = Release|Any CPU
		{D1838EF8-6BDA-4831-917E-877E5E3AC189}.Release|Any CPU.Build.0 = Release|Any CPU
	EndGlobalSection
	GlobalSection(SolutionProperties) = preSolution
		HideSolutionNode = FALSE
	EndGlobalSection
	GlobalSection(ExtensibilityGlobals) = postSolution
		SolutionGuid = {030EE8AC-16E4-4129-A21E-DD46AF59B831}
	EndGlobalSection
EndGlobal
