
Microsoft Visual Studio Solution File, Format Version 12.00
# Visual Studio Version 16
VisualStudioVersion = 16.0.31105.61
MinimumVisualStudioVersion = 10.0.40219.1
Project("{FAE04EC0-301F-11D3-BF4B-00C04F79EFBC}") = "CaptureOutput", "CaptureOutput.csproj", "{36188388-A4FF-4795-9326-E3ED7455DD96}"
EndProject
Global
	GlobalSection(SolutionConfigurationPlatforms) = preSolution
		Debug|Any CPU = Debug|Any CPU
		Release|Any CPU = Release|Any CPU
	EndGlobalSection
	GlobalSection(ProjectConfigurationPlatforms) = postSolution
		{36188388-A4FF-4795-9326-E3ED7455DD96}.Debug|Any CPU.ActiveCfg = Debug|Any CPU
		{36188388-A4FF-4795-9326-E3ED7455DD96}.Debug|Any CPU.Build.0 = Debug|Any CPU
		{36188388-A4FF-4795-9326-E3ED7455DD96}.Release|Any CPU.ActiveCfg = Release|Any CPU
		{36188388-A4FF-4795-9326-E3ED7455DD96}.Release|Any CPU.Build.0 = Release|Any CPU
	EndGlobalSection
	GlobalSection(SolutionProperties) = preSolution
		HideSolutionNode = FALSE
	EndGlobalSection
	GlobalSection(ExtensibilityGlobals) = postSolution
		SolutionGuid = {A52DCCA0-0485-42A8-9A2C-55065870F1A5}
	EndGlobalSection
EndGlobal
