
Microsoft Visual Studio Solution File, Format Version 12.00
# Visual Studio Version 16
VisualStudioVersion = 16.0.31105.61
MinimumVisualStudioVersion = 10.0.40219.1
Project("{FAE04EC0-301F-11D3-BF4B-00C04F79EFBC}") = "ForLoop", "ForLoop.csproj", "{1226D8E2-0814-4FA5-9193-CF4B0A8641EF}"
EndProject
Global
	GlobalSection(SolutionConfigurationPlatforms) = preSolution
		Debug|Any CPU = Debug|Any CPU
		Release|Any CPU = Release|Any CPU
	EndGlobalSection
	GlobalSection(ProjectConfigurationPlatforms) = postSolution
		{1226D8E2-0814-4FA5-9193-CF4B0A8641EF}.Debug|Any CPU.ActiveCfg = Debug|Any CPU
		{1226D8E2-0814-4FA5-9193-CF4B0A8641EF}.Debug|Any CPU.Build.0 = Debug|Any CPU
		{1226D8E2-0814-4FA5-9193-CF4B0A8641EF}.Release|Any CPU.ActiveCfg = Release|Any CPU
		{1226D8E2-0814-4FA5-9193-CF4B0A8641EF}.Release|Any CPU.Build.0 = Release|Any CPU
	EndGlobalSection
	GlobalSection(SolutionProperties) = preSolution
		HideSolutionNode = FALSE
	EndGlobalSection
	GlobalSection(ExtensibilityGlobals) = postSolution
		SolutionGuid = {913D8F9B-0B1A-4E12-A9E2-F099362AF92E}
	EndGlobalSection
EndGlobal
