
Microsoft Visual Studio Solution File, Format Version 12.00
# Visual Studio Version 16
VisualStudioVersion = 16.0.31205.134
MinimumVisualStudioVersion = 10.0.40219.1
Project("{FAE04EC0-301F-11D3-BF4B-00C04F79EFBC}") = "LinqSqus", "LinqSqus.csproj", "{70398852-BD02-4CCE-927B-0DD8DFF1D711}"
EndProject
Global
	GlobalSection(SolutionConfigurationPlatforms) = preSolution
		Debug|Any CPU = Debug|Any CPU
		Release|Any CPU = Release|Any CPU
	EndGlobalSection
	GlobalSection(ProjectConfigurationPlatforms) = postSolution
		{70398852-BD02-4CCE-927B-0DD8DFF1D711}.Debug|Any CPU.ActiveCfg = Debug|Any CPU
		{70398852-BD02-4CCE-927B-0DD8DFF1D711}.Debug|Any CPU.Build.0 = Debug|Any CPU
		{70398852-BD02-4CCE-927B-0DD8DFF1D711}.Release|Any CPU.ActiveCfg = Release|Any CPU
		{70398852-BD02-4CCE-927B-0DD8DFF1D711}.Release|Any CPU.Build.0 = Release|Any CPU
	EndGlobalSection
	GlobalSection(SolutionProperties) = preSolution
		HideSolutionNode = FALSE
	EndGlobalSection
	GlobalSection(ExtensibilityGlobals) = postSolution
		SolutionGuid = {B84D2F3A-5EDE-45FB-8039-FE1598276B97}
	EndGlobalSection
EndGlobal
